<?xml version="1.0" encoding="utf-8"?>
<Project ToolsVersion="4.0" xmlns="http://schemas.microsoft.com/developer/msbuild/2003">
  <ItemGroup>
    <Filter Include="NightFall">
      <UniqueIdentifier>{3E64A94A-AACE-5DC1-F30C-0F675FB63B16}</UniqueIdentifier>
    </Filter>
    <Filter Include="NightFall\application">
      <UniqueIdentifier>{21953755-8D01-F34F-56F5-8AADC22015B8}</UniqueIdentifier>
    </Filter>
    <Filter Include="NightFall\logger">
      <UniqueIdentifier>{6D9C93A7-5995-B2F9-82C7-977E6E1F9205}</UniqueIdentifier>
    </Filter>
  </ItemGroup>
  <ItemGroup>
    <ClInclude Include="src\NightFall.h" />
    <ClInclude Include="src\NightFall\application\NightFallApplication.h">
      <Filter>NightFall\application</Filter>
    </ClInclude>
    <ClInclude Include="src\NightFall\logger\Logger.h">
      <Filter>NightFall\logger</Filter>
    </ClInclude>
    <ClInclude Include="src\NightFall\event\Event.h" />
    <ClInclude Include="src\NightFall\event\EventHandler.h" />
    <ClInclude Include="src\NightFall\event\EventListener.h" />
    <ClInclude Include="src\NightFall\event\EventType.h" />
    <ClInclude Include="src\NightFall\datatypes\ArrayList.h" />
    <ClInclude Include="src\NightFall\utils\Assert.h" />
    <ClInclude Include="src\NightFall\utils\DebugTools.h" />
  </ItemGroup>
  <ItemGroup>
    <ClCompile Include="src\NightFall\application\NightFallApplication.cpp">
      <Filter>NightFall\application</Filter>
    </ClCompile>
    <ClCompile Include="src\NightFall\logger\Logger.cpp">
      <Filter>NightFall\logger</Filter>
    </ClCompile>
  </ItemGroup>
</Project>